# THIS IS AN AUTOGENERATED FILE. DO NOT EDIT THIS FILE DIRECTLY.
# yarn lockfile v1


"@infomaniak/ts-api-client@^0.1.7":
  version "0.1.7"
  resolved "https://verdaccio.dev.infomaniak.ch/@infomaniak/ts-api-client/-/ts-api-client-0.1.7.tgz#6073db6a0011cedba7eda1a93ca65ca241b725b7"
  integrity sha512-8WLnqJjSmR4D+FiwVEbCujCSnp5Oc+pVjelXNhP29H+ZOlEcKla6MjD3F98niMZl5iEF5wumzfpfSQFZ9RNNYw==

dotenv@^16.4.5:
  version "16.4.5"
  resolved "https://registry.yarnpkg.com/dotenv/-/dotenv-16.4.5.tgz#cdd3b3b604cb327e286b4762e13502f717cb099f"
  integrity sha512-ZmdL2rui+eB2YwhsWzjInR8LldtZHGDoQ1ugH85ppHKwpUHL7j7rN0Ti9NCnGiQbhaZ11FpR+7ao1dNsmduNUg==
